// !$*UTF8*$!
{
	archiveVersion = 1;
	classes = {
	};
	objectVersion = 50;
	objects = {

/* Begin PBXBuildFile section */
		7975EF9E22E1F19000F4814C /* AppDelegate.swift in Sources */ = {isa = PBXBuildFile; fileRef = 7975EF9D22E1F19000F4814C /* AppDelegate.swift */; };
		7975EFA022E1F19000F4814C /* ViewController.swift in Sources */ = {isa = PBXBuildFile; fileRef = 7975EF9F22E1F19000F4814C /* ViewController.swift */; };
		7975EFA322E1F19000F4814C /* Main.storyboard in Resources */ = {isa = PBXBuildFile; fileRef = 7975EFA122E1F19000F4814C /* Main.storyboard */; };
		7975EFA522E1F19000F4814C /* Assets.xcassets in Resources */ = {isa = PBXBuildFile; fileRef = 7975EFA422E1F19000F4814C /* Assets.xcassets */; };
		7975EFA822E1F19000F4814C /* LaunchScreen.storyboard in Resources */ = {isa = PBXBuildFile; fileRef = 7975EFA622E1F19000F4814C /* LaunchScreen.storyboard */; };
		7975EFB322E1F19000F4814C /* Auto_Layout_UygulamaTests.swift in Sources */ = {isa = PBXBuildFile; fileRef = 7975EFB222E1F19000F4814C /* Auto_Layout_UygulamaTests.swift */; };
		7975EFBE22E1F19000F4814C /* Auto_Layout_UygulamaUITests.swift in Sources */ = {isa = PBXBuildFile; fileRef = 7975EFBD22E1F19000F4814C /* Auto_Layout_UygulamaUITests.swift */; };
/* End PBXBuildFile section */

/* Begin PBXContainerItemProxy section */
		7975EFAF22E1F19000F4814C /* PBXContainerItemProxy */ = {
			isa = PBXContainerItemProxy;
			containerPortal = 7975EF9222E1F19000F4814C /* Project object */;
			proxyType = 1;
			remoteGlobalIDString = 7975EF9922E1F19000F4814C;
			remoteInfo = "Auto Layout Uygulama";
		};
		7975EFBA22E1F19000F4814C /* PBXContainerItemProxy */ = {
			isa = PBXContainerItemProxy;
			containerPortal = 7975EF9222E1F19000F4814C /* Project object */;
			proxyType = 1;
			remoteGlobalIDString = 7975EF9922E1F19000F4814C;
			remoteInfo = "Auto Layout Uygulama";
		};
/* End PBXContainerItemProxy section */

/* Begin PBXFileReference section */
		7975EF9A22E1F19000F4814C /* Auto Layout Uygulama.app */ = {isa = PBXFileReference; explicitFileType = wrapper.application; includeInIndex = 0; path = "Auto Layout Uygulama.app"; sourceTree = BUILT_PRODUCTS_DIR; };
		7975EF9D22E1F19000F4814C /* AppDelegate.swift */ = {isa = PBXFileReference; lastKnownFileType = sourcecode.swift; path = AppDelegate.swift; sourceTree = "<group>"; };
		7975EF9F22E1F19000F4814C /* ViewController.swift */ = {isa = PBXFileReference; lastKnownFileType = sourcecode.swift; path = ViewController.swift; sourceTree = "<group>"; };
		7975EFA222E1F19000F4814C /* Base */ = {isa = PBXFileReference; lastKnownFileType = file.storyboard; name = Base; path = Base.lproj/Main.storyboard; sourceTree = "<group>"; };
		7975EFA422E1F19000F4814C /* Assets.xcassets */ = {isa = PBXFileReference; lastKnownFileType = folder.assetcatalog; path = Assets.xcassets; sourceTree = "<group>"; };
		7975EFA722E1F19000F4814C /* Base */ = {isa = PBXFileReference; lastKnownFileType = file.storyboard; name = Base; path = Base.lproj/LaunchScreen.storyboard; sourceTree = "<group>"; };
		7975EFA922E1F19000F4814C /* Info.plist */ = {isa = PBXFileReference; lastKnownFileType = text.plist.xml; path = Info.plist; sourceTree = "<group>"; };
		7975EFAE22E1F19000F4814C /* Auto Layout UygulamaTests.xctest */ = {isa = PBXFileReference; explicitFileType = wrapper.cfbundle; includeInIndex = 0; path = "Auto Layout UygulamaTests.xctest"; sourceTree = BUILT_PRODUCTS_DIR; };
		7975EFB222E1F19000F4814C /* Auto_Layout_UygulamaTests.swift */ = {isa = PBXFileReference; lastKnownFileType = sourcecode.swift; path = Auto_Layout_UygulamaTests.swift; sourceTree = "<group>"; };
		7975EFB422E1F19000F4814C /* Info.plist */ = {isa = PBXFileReference; lastKnownFileType = text.plist.xml; path = Info.plist; sourceTree = "<group>"; };
		7975EFB922E1F19000F4814C /* Auto Layout UygulamaUITests.xctest */ = {isa = PBXFileReference; explicitFileType = wrapper.cfbundle; includeInIndex = 0; path = "Auto Layout UygulamaUITests.xctest"; sourceTree = BUILT_PRODUCTS_DIR; };
		7975EFBD22E1F19000F4814C /* Auto_Layout_UygulamaUITests.swift */ = {isa = PBXFileReference; lastKnownFileType = sourcecode.swift; path = Auto_Layout_UygulamaUITests.swift; sourceTree = "<group>"; };
		7975EFBF22E1F19000F4814C /* Info.plist */ = {isa = PBXFileReference; lastKnownFileType = text.plist.xml; path = Info.plist; sourceTree = "<group>"; };
/* End PBXFileReference section */

/* Begin PBXFrameworksBuildPhase section */
		7975EF9722E1F19000F4814C /* Frameworks */ = {
			isa = PBXFrameworksBuildPhase;
			buildActionMask = 2147483647;
			files = (
			);
			runOnlyForDeploymentPostprocessing = 0;
		};
		7975EFAB22E1F19000F4814C /* Frameworks */ = {
			isa = PBXFrameworksBuildPhase;
			buildActionMask = 2147483647;
			files = (
			);
			runOnlyForDeploymentPostprocessing = 0;
		};
		7975EFB622E1F19000F4814C /* Frameworks */ = {
			isa = PBXFrameworksBuildPhase;
			buildActionMask = 2147483647;
			files = (
			);
			runOnlyForDeploymentPostprocessing = 0;
		};
/* End PBXFrameworksBuildPhase section */

/* Begin PBXGroup section */
		7975EF9122E1F19000F4814C = {
			isa = PBXGroup;
			children = (
				7975EF9C22E1F19000F4814C /* Auto Layout Uygulama */,
				7975EFB122E1F19000F4814C /* Auto Layout UygulamaTests */,
				7975EFBC22E1F19000F4814C /* Auto Layout UygulamaUITests */,
				7975EF9B22E1F19000F4814C /* Products */,
			);
			sourceTree = "<group>";
		};
		7975EF9B22E1F19000F4814C /* Products */ = {
			isa = PBXGroup;
			children = (
				7975EF9A22E1F19000F4814C /* Auto Layout Uygulama.app */,
				7975EFAE22E1F19000F4814C /* Auto Layout UygulamaTests.xctest */,
				7975EFB922E1F19000F4814C /* Auto Layout UygulamaUITests.xctest */,
			);
			name = Products;
			sourceTree = "<group>";
		};
		7975EF9C22E1F19000F4814C /* Auto Layout Uygulama */ = {
			isa = PBXGroup;
			children = (
				7975EF9D22E1F19000F4814C /* AppDelegate.swift */,
				7975EF9F22E1F19000F4814C /* ViewController.swift */,
				7975EFA122E1F19000F4814C /* Main.storyboard */,
				7975EFA422E1F19000F4814C /* Assets.xcassets */,
				7975EFA622E1F19000F4814C /* LaunchScreen.storyboard */,
				7975EFA922E1F19000F4814C /* Info.plist */,
			);
			path = "Auto Layout Uygulama";
			sourceTree = "<group>";
		};
		7975EFB122E1F19000F4814C /* Auto Layout UygulamaTests */ = {
			isa = PBXGroup;
			children = (
				7975EFB222E1F19000F4814C /* Auto_Layout_UygulamaTests.swift */,
				7975EFB422E1F19000F4814C /* Info.plist */,
			);
			path = "Auto Layout UygulamaTests";
			sourceTree = "<group>";
		};
		7975EFBC22E1F19000F4814C /* Auto Layout UygulamaUITests */ = {
			isa = PBXGroup;
			children = (
				7975EFBD22E1F19000F4814C /* Auto_Layout_UygulamaUITests.swift */,
				7975EFBF22E1F19000F4814C /* Info.plist */,
			);
			path = "Auto Layout UygulamaUITests";
			sourceTree = "<group>";
		};
/* End PBXGroup section */

/* Begin PBXNativeTarget section */
		7975EF9922E1F19000F4814C /* Auto Layout Uygulama */ = {
			isa = PBXNativeTarget;
			buildConfigurationList = 7975EFC222E1F19000F4814C /* Build configuration list for PBXNativeTarget "Auto Layout Uygulama" */;
			buildPhases = (
				7975EF9622E1F19000F4814C /* Sources */,
				7975EF9722E1F19000F4814C /* Frameworks */,
				7975EF9822E1F19000F4814C /* Resources */,
			);
			buildRules = (
			);
			dependencies = (
			);
			name = "Auto Layout Uygulama";
			productName = "Auto Layout Uygulama";
			productReference = 7975EF9A22E1F19000F4814C /* Auto Layout Uygulama.app */;
			productType = "com.apple.product-type.application";
		};
		7975EFAD22E1F19000F4814C /* Auto Layout UygulamaTests */ = {
			isa = PBXNativeTarget;
			buildConfigurationList = 7975EFC522E1F19000F4814C /* Build configuration list for PBXNativeTarget "Auto Layout UygulamaTests" */;
			buildPhases = (
				7975EFAA22E1F19000F4814C /* Sources */,
				7975EFAB22E1F19000F4814C /* Frameworks */,
				7975EFAC22E1F19000F4814C /* Resources */,
			);
			buildRules = (
			);
			dependencies = (
				7975EFB022E1F19000F4814C /* PBXTargetDependency */,
			);
			name = "Auto Layout UygulamaTests";
			productName = "Auto Layout UygulamaTests";
			productReference = 7975EFAE22E1F19000F4814C /* Auto Layout UygulamaTests.xctest */;
			productType = "com.apple.product-type.bundle.unit-test";
		};
		7975EFB822E1F19000F4814C /* Auto Layout UygulamaUITests */ = {
			isa = PBXNativeTarget;
			buildConfigurationList = 7975EFC822E1F19000F4814C /* Build configuration list for PBXNativeTarget "Auto Layout UygulamaUITests" */;
			buildPhases = (
				7975EFB522E1F19000F4814C /* Sources */,
				7975EFB622E1F19000F4814C /* Frameworks */,
				7975EFB722E1F19000F4814C /* Resources */,
			);
			buildRules = (
			);
			dependencies = (
				7975EFBB22E1F19000F4814C /* PBXTargetDependency */,
			);
			name = "Auto Layout UygulamaUITests";
			productName = "Auto Layout UygulamaUITests";
			productReference = 7975EFB922E1F19000F4814C /* Auto Layout UygulamaUITests.xctest */;
			productType = "com.apple.product-type.bundle.ui-testing";
		};
/* End PBXNativeTarget section */

/* Begin PBXProject section */
		7975EF9222E1F19000F4814C /* Project object */ = {
			isa = PBXProject;
			attributes = {
				LastSwiftUpdateCheck = 1020;
				LastUpgradeCheck = 1020;
				ORGANIZATIONNAME = info;
				TargetAttributes = {
					7975EF9922E1F19000F4814C = {
						CreatedOnToolsVersion = 10.2.1;
					};
					7975EFAD22E1F19000F4814C = {
						CreatedOnToolsVersion = 10.2.1;
						TestTargetID = 7975EF9922E1F19000F4814C;
					};
					7975EFB822E1F19000F4814C = {
						CreatedOnToolsVersion = 10.2.1;
						TestTargetID = 7975EF9922E1F19000F4814C;
					};
				};
			};
			buildConfigurationList = 7975EF9522E1F19000F4814C /* Build configuration list for PBXProject "Auto Layout Uygulama" */;
			compatibilityVersion = "Xcode 9.3";
			developmentRegion = en;
			hasScannedForEncodings = 0;
			knownRegions = (
				en,
				Base,
			);
			mainGroup = 7975EF9122E1F19000F4814C;
			productRefGroup = 7975EF9B22E1F19000F4814C /* Products */;
			projectDirPath = "";
			projectRoot = "";
			targets = (
				7975EF9922E1F19000F4814C /* Auto Layout Uygulama */,
				7975EFAD22E1F19000F4814C /* Auto Layout UygulamaTests */,
				7975EFB822E1F19000F4814C /* Auto Layout UygulamaUITests */,
			);
		};
/* End PBXProject section */

/* Begin PBXResourcesBuildPhase section */
		7975EF9822E1F19000F4814C /* Resources */ = {
			isa = PBXResourcesBuildPhase;
			buildActionMask = 2147483647;
			files = (
				7975EFA822E1F19000F4814C /* LaunchScreen.storyboard in Resources */,
				7975EFA522E1F19000F4814C /* Assets.xcassets in Resources */,
				7975EFA322E1F19000F4814C /* Main.storyboard in Resources */,
			);
			runOnlyForDeploymentPostprocessing = 0;
		};
		7975EFAC22E1F19000F4814C /* Resources */ = {
			isa = PBXResourcesBuildPhase;
			buildActionMask = 2147483647;
			files = (
			);
			runOnlyForDeploymentPostprocessing = 0;
		};
		7975EFB722E1F19000F4814C /* Resources */ = {
			isa = PBXResourcesBuildPhase;
			buildActionMask = 2147483647;
			files = (
			);
			runOnlyForDeploymentPostprocessing = 0;
		};
/* End PBXResourcesBuildPhase section */

/* Begin PBXSourcesBuildPhase section */
		7975EF9622E1F19000F4814C /* Sources */ = {
			isa = PBXSourcesBuildPhase;
			buildActionMask = 2147483647;
			files = (
				7975EFA022E1F19000F4814C /* ViewController.swift in Sources */,
				7975EF9E22E1F19000F4814C /* AppDelegate.swift in Sources */,
			);
			runOnlyForDeploymentPostprocessing = 0;
		};
		7975EFAA22E1F19000F4814C /* Sources */ = {
			isa = PBXSourcesBuildPhase;
			buildActionMask = 2147483647;
			files = (
				7975EFB322E1F19000F4814C /* Auto_Layout_UygulamaTests.swift in Sources */,
			);
			runOnlyForDeploymentPostprocessing = 0;
		};
		7975EFB522E1F19000F4814C /* Sources */ = {
			isa = PBXSourcesBuildPhase;
			buildActionMask = 2147483647;
			files = (
				7975EFBE22E1F19000F4814C /* Auto_Layout_UygulamaUITests.swift in Sources */,
			);
			runOnlyForDeploymentPostprocessing = 0;
		};
/* End PBXSourcesBuildPhase section */

/* Begin PBXTargetDependency section */
		7975EFB022E1F19000F4814C /* PBXTargetDependency */ = {
			isa = PBXTargetDependency;
			target = 7975EF9922E1F19000F4814C /* Auto Layout Uygulama */;
			targetProxy = 7975EFAF22E1F19000F4814C /* PBXContainerItemProxy */;
		};
		7975EFBB22E1F19000F4814C /* PBXTargetDependency */ = {
			isa = PBXTargetDependency;
			target = 7975EF9922E1F19000F4814C /* Auto Layout Uygulama */;
			targetProxy = 7975EFBA22E1F19000F4814C /* PBXContainerItemProxy */;
		};
/* End PBXTargetDependency section */

/* Begin PBXVariantGroup section */
		7975EFA122E1F19000F4814C /* Main.storyboard */ = {
			isa = PBXVariantGroup;
			children = (
				7975EFA222E1F19000F4814C /* Base */,
			);
			name = Main.storyboard;
			sourceTree = "<group>";
		};
		7975EFA622E1F19000F4814C /* LaunchScreen.storyboard */ = {
			isa = PBXVariantGroup;
			children = (
				7975EFA722E1F19000F4814C /* Base */,
			);
			name = LaunchScreen.storyboard;
			sourceTree = "<group>";
		};
/* End PBXVariantGroup section */

/* Begin XCBuildConfiguration section */
		7975EFC022E1F19000F4814C /* Debug */ = {
			isa = XCBuildConfiguration;
			buildSettings = {
				ALWAYS_SEARCH_USER_PATHS = NO;
				CLANG_ANALYZER_NONNULL = YES;
				CLANG_ANALYZER_NUMBER_OBJECT_CONVERSION = YES_AGGRESSIVE;
				CLANG_CXX_LANGUAGE_STANDARD = "gnu++14";
				CLANG_CXX_LIBRARY = "libc++";
				CLANG_ENABLE_MODULES = YES;
				CLANG_ENABLE_OBJC_ARC = YES;
				CLANG_ENABLE_OBJC_WEAK = YES;
				CLANG_WARN_BLOCK_CAPTURE_AUTORELEASING = YES;
				CLANG_WARN_BOOL_CONVERSION = YES;
				CLANG_WARN_COMMA = YES;
				CLANG_WARN_CONSTANT_CONVERSION = YES;
				CLANG_WARN_DEPRECATED_OBJC_IMPLEMENTATIONS = YES;
				CLANG_WARN_DIRECT_OBJC_ISA_USAGE = YES_ERROR;
				CLANG_WARN_DOCUMENTATION_COMMENTS = YES;
				CLANG_WARN_EMPTY_BODY = YES;
				CLANG_WARN_ENUM_CONVERSION = YES;
				CLANG_WARN_INFINITE_RECURSION = YES;
				CLANG_WARN_INT_CONVERSION = YES;
				CLANG_WARN_NON_LITERAL_NULL_CONVERSION = YES;
				CLANG_WARN_OBJC_IMPLICIT_RETAIN_SELF = YES;
				CLANG_WARN_OBJC_LITERAL_CONVERSION = YES;
				CLANG_WARN_OBJC_ROOT_CLASS = YES_ERROR;
				CLANG_WARN_RANGE_LOOP_ANALYSIS = YES;
				CLANG_WARN_STRICT_PROTOTYPES = YES;
				CLANG_WARN_SUSPICIOUS_MOVE = YES;
				CLANG_WARN_UNGUARDED_AVAILABILITY = YES_AGGRESSIVE;
				CLANG_WARN_UNREACHABLE_CODE = YES;
				CLANG_WARN__DUPLICATE_METHOD_MATCH = YES;
				CODE_SIGN_IDENTITY = "iPhone Developer";
				COPY_PHASE_STRIP = NO;
				DEBUG_INFORMATION_FORMAT = dwarf;
				ENABLE_STRICT_OBJC_MSGSEND = YES;
				ENABLE_TESTABILITY = YES;
				GCC_C_LANGUAGE_STANDARD = gnu11;
				GCC_DYNAMIC_NO_PIC = NO;
				GCC_NO_COMMON_BLOCKS = YES;
				GCC_OPTIMIZATION_LEVEL = 0;
				GCC_PREPROCESSOR_DEFINITIONS = (
					"DEBUG=1",
					"$(inherited)",
				);
				GCC_WARN_64_TO_32_BIT_CONVERSION = YES;
				GCC_WARN_ABOUT_RETURN_TYPE = YES_ERROR;
				GCC_WARN_UNDECLARED_SELECTOR = YES;
				GCC_WARN_UNINITIALIZED_AUTOS = YES_AGGRESSIVE;
				GCC_WARN_UNUSED_FUNCTION = YES;
				GCC_WARN_UNUSED_VARIABLE = YES;
				IPHONEOS_DEPLOYMENT_TARGET = 12.2;
				MTL_ENABLE_DEBUG_INFO = INCLUDE_SOURCE;
				MTL_FAST_MATH = YES;
				ONLY_ACTIVE_ARCH = YES;
				SDKROOT = iphoneos;
				SWIFT_ACTIVE_COMPILATION_CONDITIONS = DEBUG;
				SWIFT_OPTIMIZATION_LEVEL = "-Onone";
			};
			name = Debug;
		};
		7975EFC122E1F19000F4814C /* Release */ = {
			isa = XCBuildConfiguration;
			buildSettings = {
				ALWAYS_SEARCH_USER_PATHS = NO;
				CLANG_ANALYZER_NONNULL = YES;
				CLANG_ANALYZER_NUMBER_OBJECT_CONVERSION = YES_AGGRESSIVE;
				CLANG_CXX_LANGUAGE_STANDARD = "gnu++14";
				CLANG_CXX_LIBRARY = "libc++";
				CLANG_ENABLE_MODULES = YES;
				CLANG_ENABLE_OBJC_ARC = YES;
				CLANG_ENABLE_OBJC_WEAK = YES;
				CLANG_WARN_BLOCK_CAPTURE_AUTORELEASING = YES;
				CLANG_WARN_BOOL_CONVERSION = YES;
				CLANG_WARN_COMMA = YES;
				CLANG_WARN_CONSTANT_CONVERSION = YES;
				CLANG_WARN_DEPRECATED_OBJC_IMPLEMENTATIONS = YES;
				CLANG_WARN_DIRECT_OBJC_ISA_USAGE = YES_ERROR;
				CLANG_WARN_DOCUMENTATION_COMMENTS = YES;
				CLANG_WARN_EMPTY_BODY = YES;
				CLANG_WARN_ENUM_CONVERSION = YES;
				CLANG_WARN_INFINITE_RECURSION = YES;
				CLANG_WARN_INT_CONVERSION = YES;
				CLANG_WARN_NON_LITERAL_NULL_CONVERSION = YES;
				CLANG_WARN_OBJC_IMPLICIT_RETAIN_SELF = YES;
				CLANG_WARN_OBJC_LITERAL_CONVERSION = YES;
				CLANG_WARN_OBJC_ROOT_CLASS = YES_ERROR;
				CLANG_WARN_RANGE_LOOP_ANALYSIS = YES;
				CLANG_WARN_STRICT_PROTOTYPES = YES;
				CLANG_WARN_SUSPICIOUS_MOVE = YES;
				CLANG_WARN_UNGUARDED_AVAILABILITY = YES_AGGRESSIVE;
				CLANG_WARN_UNREACHABLE_CODE = YES;
				CLANG_WARN__DUPLICATE_METHOD_MATCH = YES;
				CODE_SIGN_IDENTITY = "iPhone Developer";
				COPY_PHASE_STRIP = NO;
				DEBUG_INFORMATION_FORMAT = "dwarf-with-dsym";
				ENABLE_NS_ASSERTIONS = NO;
				ENABLE_STRICT_OBJC_MSGSEND = YES;
				GCC_C_LANGUAGE_STANDARD = gnu11;
				GCC_NO_COMMON_BLOCKS = YES;
				GCC_WARN_64_TO_32_BIT_CONVERSION = YES;
				GCC_WARN_ABOUT_RETURN_TYPE = YES_ERROR;
				GCC_WARN_UNDECLARED_SELECTOR = YES;
				GCC_WARN_UNINITIALIZED_AUTOS = YES_AGGRESSIVE;
				GCC_WARN_UNUSED_FUNCTION = YES;
				GCC_WARN_UNUSED_VARIABLE = YES;
				IPHONEOS_DEPLOYMENT_TARGET = 12.2;
				MTL_ENABLE_DEBUG_INFO = NO;
				MTL_FAST_MATH = YES;
				SDKROOT = iphoneos;
				SWIFT_COMPILATION_MODE = wholemodule;
				SWIFT_OPTIMIZATION_LEVEL = "-O";
				VALIDATE_PRODUCT = YES;
			};
			name = Release;
		};
		7975EFC322E1F19000F4814C /* Debug */ = {
			isa = XCBuildConfiguration;
			buildSettings = {
				ASSETCATALOG_COMPILER_APPICON_NAME = AppIcon;
				CODE_SIGN_STYLE = Automatic;
				INFOPLIST_FILE = "Auto Layout Uygulama/Info.plist";
				LD_RUNPATH_SEARCH_PATHS = (
					"$(inherited)",
					"@executable_path/Frameworks",
				);
				PRODUCT_BUNDLE_IDENTIFIER = "info.Auto-Layout-Uygulama";
				PRODUCT_NAME = "$(TARGET_NAME)";
				SWIFT_VERSION = 5.0;
				TARGETED_DEVICE_FAMILY = "1,2";
			};
			name = Debug;
		};
		7975EFC422E1F19000F4814C /* Release */ = {
			isa = XCBuildConfiguration;
			buildSettings = {
				ASSETCATALOG_COMPILER_APPICON_NAME = AppIcon;
				CODE_SIGN_STYLE = Automatic;
				INFOPLIST_FILE = "Auto Layout Uygulama/Info.plist";
				LD_RUNPATH_SEARCH_PATHS = (
					"$(inherited)",
					"@executable_path/Frameworks",
				);
				PRODUCT_BUNDLE_IDENTIFIER = "info.Auto-Layout-Uygulama";
				PRODUCT_NAME = "$(TARGET_NAME)";
				SWIFT_VERSION = 5.0;
				TARGETED_DEVICE_FAMILY = "1,2";
			};
			name = Release;
		};
		7975EFC622E1F19000F4814C /* Debug */ = {
			isa = XCBuildConfiguration;
			buildSettings = {
				ALWAYS_EMBED_SWIFT_STANDARD_LIBRARIES = YES;
				BUNDLE_LOADER = "$(TEST_HOST)";
				CODE_SIGN_STYLE = Automatic;
				INFOPLIST_FILE = "Auto Layout UygulamaTests/Info.plist";
				LD_RUNPATH_SEARCH_PATHS = (
					"$(inherited)",
					"@executable_path/Frameworks",
					"@loader_path/Frameworks",
				);
				PRODUCT_BUNDLE_IDENTIFIER = "info.Auto-Layout-UygulamaTests";
				PRODUCT_NAME = "$(TARGET_NAME)";
				SWIFT_VERSION = 5.0;
				TARGETED_DEVICE_FAMILY = "1,2";
				TEST_HOST = "$(BUILT_PRODUCTS_DIR)/Auto Layout Uygulama.app/Auto Layout Uygulama";
			};
			name = Debug;
		};
		7975EFC722E1F19000F4814C /* Release */ = {
			isa = XCBuildConfiguration;
			buildSettings = {
				ALWAYS_EMBED_SWIFT_STANDARD_LIBRARIES = YES;
				BUNDLE_LOADER = "$(TEST_HOST)";
				CODE_SIGN_STYLE = Automatic;
				INFOPLIST_FILE = "Auto Layout UygulamaTests/Info.plist";
				LD_RUNPATH_SEARCH_PATHS = (
					"$(inherited)",
					"@executable_path/Frameworks",
					"@loader_path/Frameworks",
				);
				PRODUCT_BUNDLE_IDENTIFIER = "info.Auto-Layout-UygulamaTests";
				PRODUCT_NAME = "$(TARGET_NAME)";
				SWIFT_VERSION = 5.0;
				TARGETED_DEVICE_FAMILY = "1,2";
				TEST_HOST = "$(BUILT_PRODUCTS_DIR)/Auto Layout Uygulama.app/Auto Layout Uygulama";
			};
			name = Release;
		};
		7975EFC922E1F19000F4814C /* Debug */ = {
			isa = XCBuildConfiguration;
			buildSettings = {
				ALWAYS_EMBED_SWIFT_STANDARD_LIBRARIES = YES;
				CODE_SIGN_STYLE = Automatic;
				INFOPLIST_FILE = "Auto Layout UygulamaUITests/Info.plist";
				LD_RUNPATH_SEARCH_PATHS = (
					"$(inherited)",
					"@executable_path/Frameworks",
					"@loader_path/Frameworks",
				);
				PRODUCT_BUNDLE_IDENTIFIER = "info.Auto-Layout-UygulamaUITests";
				PRODUCT_NAME = "$(TARGET_NAME)";
				SWIFT_VERSION = 5.0;
				TARGETED_DEVICE_FAMILY = "1,2";
				TEST_TARGET_NAME = "Auto Layout Uygulama";
			};
			name = Debug;
		};
		7975EFCA22E1F19000F4814C /* Release */ = {
			isa = XCBuildConfiguration;
			buildSettings = {
				ALWAYS_EMBED_SWIFT_STANDARD_LIBRARIES = YES;
				CODE_SIGN_STYLE = Automatic;
				INFOPLIST_FILE = "Auto Layout UygulamaUITests/Info.plist";
				LD_RUNPATH_SEARCH_PATHS = (
					"$(inherited)",
					"@executable_path/Frameworks",
					"@loader_path/Frameworks",
				);
				PRODUCT_BUNDLE_IDENTIFIER = "info.Auto-Layout-UygulamaUITests";
				PRODUCT_NAME = "$(TARGET_NAME)";
				SWIFT_VERSION = 5.0;
				TARGETED_DEVICE_FAMILY = "1,2";
				TEST_TARGET_NAME = "Auto Layout Uygulama";
			};
			name = Release;
		};
/* End XCBuildConfiguration section */

/* Begin XCConfigurationList section */
		7975EF9522E1F19000F4814C /* Build configuration list for PBXProject "Auto Layout Uygulama" */ = {
			isa = XCConfigurationList;
			buildConfigurations = (
				7975EFC022E1F19000F4814C /* Debug */,
				7975EFC122E1F19000F4814C /* Release */,
			);
			defaultConfigurationIsVisible = 0;
			defaultConfigurationName = Release;
		};
		7975EFC222E1F19000F4814C /* Build configuration list for PBXNativeTarget "Auto Layout Uygulama" */ = {
			isa = XCConfigurationList;
			buildConfigurations = (
				7975EFC322E1F19000F4814C /* Debug */,
				7975EFC422E1F19000F4814C /* Release */,
			);
			defaultConfigurationIsVisible = 0;
			defaultConfigurationName = Release;
		};
		7975EFC522E1F19000F4814C /* Build configuration list for PBXNativeTarget "Auto Layout UygulamaTests" */ = {
			isa = XCConfigurationList;
			buildConfigurations = (
				7975EFC622E1F19000F4814C /* Debug */,
				7975EFC722E1F19000F4814C /* Release */,
			);
			defaultConfigurationIsVisible = 0;
			defaultConfigurationName = Release;
		};
		7975EFC822E1F19000F4814C /* Build configuration list for PBXNativeTarget "Auto Layout UygulamaUITests" */ = {
			isa = XCConfigurationList;
			buildConfigurations = (
				7975EFC922E1F19000F4814C /* Debug */,
				7975EFCA22E1F19000F4814C /* Release */,
			);
			defaultConfigurationIsVisible = 0;
			defaultConfigurationName = Release;
		};
/* End XCConfigurationList section */
	};
	rootObject = 7975EF9222E1F19000F4814C /* Project object */;
}
