// !$*UTF8*$!
{
	archiveVersion = 1;
	classes = {
	};
	objectVersion = 50;
	objects = {

/* Begin PBXBuildFile section */
		7975F0FA22E2011800F4814C /* AppDelegate.swift in Sources */ = {isa = PBXBuildFile; fileRef = 7975F0F922E2011800F4814C /* AppDelegate.swift */; };
		7975F0FC22E2011800F4814C /* ViewController.swift in Sources */ = {isa = PBXBuildFile; fileRef = 7975F0FB22E2011800F4814C /* ViewController.swift */; };
		7975F0FF22E2011800F4814C /* Main.storyboard in Resources */ = {isa = PBXBuildFile; fileRef = 7975F0FD22E2011800F4814C /* Main.storyboard */; };
		7975F10122E2011800F4814C /* Assets.xcassets in Resources */ = {isa = PBXBuildFile; fileRef = 7975F10022E2011800F4814C /* Assets.xcassets */; };
		7975F10422E2011800F4814C /* LaunchScreen.storyboard in Resources */ = {isa = PBXBuildFile; fileRef = 7975F10222E2011800F4814C /* LaunchScreen.storyboard */; };
		7975F10F22E2011800F4814C /* Ic_Ice_TasarimTests.swift in Sources */ = {isa = PBXBuildFile; fileRef = 7975F10E22E2011800F4814C /* Ic_Ice_TasarimTests.swift */; };
		7975F11A22E2011900F4814C /* Ic_Ice_TasarimUITests.swift in Sources */ = {isa = PBXBuildFile; fileRef = 7975F11922E2011900F4814C /* Ic_Ice_TasarimUITests.swift */; };
/* End PBXBuildFile section */

/* Begin PBXContainerItemProxy section */
		7975F10B22E2011800F4814C /* PBXContainerItemProxy */ = {
			isa = PBXContainerItemProxy;
			containerPortal = 7975F0EE22E2011800F4814C /* Project object */;
			proxyType = 1;
			remoteGlobalIDString = 7975F0F522E2011800F4814C;
			remoteInfo = "Ic Ice Tasarim";
		};
		7975F11622E2011900F4814C /* PBXContainerItemProxy */ = {
			isa = PBXContainerItemProxy;
			containerPortal = 7975F0EE22E2011800F4814C /* Project object */;
			proxyType = 1;
			remoteGlobalIDString = 7975F0F522E2011800F4814C;
			remoteInfo = "Ic Ice Tasarim";
		};
/* End PBXContainerItemProxy section */

/* Begin PBXFileReference section */
		7975F0F622E2011800F4814C /* Ic Ice Tasarim.app */ = {isa = PBXFileReference; explicitFileType = wrapper.application; includeInIndex = 0; path = "Ic Ice Tasarim.app"; sourceTree = BUILT_PRODUCTS_DIR; };
		7975F0F922E2011800F4814C /* AppDelegate.swift */ = {isa = PBXFileReference; lastKnownFileType = sourcecode.swift; path = AppDelegate.swift; sourceTree = "<group>"; };
		7975F0FB22E2011800F4814C /* ViewController.swift */ = {isa = PBXFileReference; lastKnownFileType = sourcecode.swift; path = ViewController.swift; sourceTree = "<group>"; };
		7975F0FE22E2011800F4814C /* Base */ = {isa = PBXFileReference; lastKnownFileType = file.storyboard; name = Base; path = Base.lproj/Main.storyboard; sourceTree = "<group>"; };
		7975F10022E2011800F4814C /* Assets.xcassets */ = {isa = PBXFileReference; lastKnownFileType = folder.assetcatalog; path = Assets.xcassets; sourceTree = "<group>"; };
		7975F10322E2011800F4814C /* Base */ = {isa = PBXFileReference; lastKnownFileType = file.storyboard; name = Base; path = Base.lproj/LaunchScreen.storyboard; sourceTree = "<group>"; };
		7975F10522E2011800F4814C /* Info.plist */ = {isa = PBXFileReference; lastKnownFileType = text.plist.xml; path = Info.plist; sourceTree = "<group>"; };
		7975F10A22E2011800F4814C /* Ic Ice TasarimTests.xctest */ = {isa = PBXFileReference; explicitFileType = wrapper.cfbundle; includeInIndex = 0; path = "Ic Ice TasarimTests.xctest"; sourceTree = BUILT_PRODUCTS_DIR; };
		7975F10E22E2011800F4814C /* Ic_Ice_TasarimTests.swift */ = {isa = PBXFileReference; lastKnownFileType = sourcecode.swift; path = Ic_Ice_TasarimTests.swift; sourceTree = "<group>"; };
		7975F11022E2011800F4814C /* Info.plist */ = {isa = PBXFileReference; lastKnownFileType = text.plist.xml; path = Info.plist; sourceTree = "<group>"; };
		7975F11522E2011900F4814C /* Ic Ice TasarimUITests.xctest */ = {isa = PBXFileReference; explicitFileType = wrapper.cfbundle; includeInIndex = 0; path = "Ic Ice TasarimUITests.xctest"; sourceTree = BUILT_PRODUCTS_DIR; };
		7975F11922E2011900F4814C /* Ic_Ice_TasarimUITests.swift */ = {isa = PBXFileReference; lastKnownFileType = sourcecode.swift; path = Ic_Ice_TasarimUITests.swift; sourceTree = "<group>"; };
		7975F11B22E2011900F4814C /* Info.plist */ = {isa = PBXFileReference; lastKnownFileType = text.plist.xml; path = Info.plist; sourceTree = "<group>"; };
/* End PBXFileReference section */

/* Begin PBXFrameworksBuildPhase section */
		7975F0F322E2011800F4814C /* Frameworks */ = {
			isa = PBXFrameworksBuildPhase;
			buildActionMask = 2147483647;
			files = (
			);
			runOnlyForDeploymentPostprocessing = 0;
		};
		7975F10722E2011800F4814C /* Frameworks */ = {
			isa = PBXFrameworksBuildPhase;
			buildActionMask = 2147483647;
			files = (
			);
			runOnlyForDeploymentPostprocessing = 0;
		};
		7975F11222E2011900F4814C /* Frameworks */ = {
			isa = PBXFrameworksBuildPhase;
			buildActionMask = 2147483647;
			files = (
			);
			runOnlyForDeploymentPostprocessing = 0;
		};
/* End PBXFrameworksBuildPhase section */

/* Begin PBXGroup section */
		7975F0ED22E2011800F4814C = {
			isa = PBXGroup;
			children = (
				7975F0F822E2011800F4814C /* Ic Ice Tasarim */,
				7975F10D22E2011800F4814C /* Ic Ice TasarimTests */,
				7975F11822E2011900F4814C /* Ic Ice TasarimUITests */,
				7975F0F722E2011800F4814C /* Products */,
			);
			sourceTree = "<group>";
		};
		7975F0F722E2011800F4814C /* Products */ = {
			isa = PBXGroup;
			children = (
				7975F0F622E2011800F4814C /* Ic Ice Tasarim.app */,
				7975F10A22E2011800F4814C /* Ic Ice TasarimTests.xctest */,
				7975F11522E2011900F4814C /* Ic Ice TasarimUITests.xctest */,
			);
			name = Products;
			sourceTree = "<group>";
		};
		7975F0F822E2011800F4814C /* Ic Ice Tasarim */ = {
			isa = PBXGroup;
			children = (
				7975F0F922E2011800F4814C /* AppDelegate.swift */,
				7975F0FB22E2011800F4814C /* ViewController.swift */,
				7975F0FD22E2011800F4814C /* Main.storyboard */,
				7975F10022E2011800F4814C /* Assets.xcassets */,
				7975F10222E2011800F4814C /* LaunchScreen.storyboard */,
				7975F10522E2011800F4814C /* Info.plist */,
			);
			path = "Ic Ice Tasarim";
			sourceTree = "<group>";
		};
		7975F10D22E2011800F4814C /* Ic Ice TasarimTests */ = {
			isa = PBXGroup;
			children = (
				7975F10E22E2011800F4814C /* Ic_Ice_TasarimTests.swift */,
				7975F11022E2011800F4814C /* Info.plist */,
			);
			path = "Ic Ice TasarimTests";
			sourceTree = "<group>";
		};
		7975F11822E2011900F4814C /* Ic Ice TasarimUITests */ = {
			isa = PBXGroup;
			children = (
				7975F11922E2011900F4814C /* Ic_Ice_TasarimUITests.swift */,
				7975F11B22E2011900F4814C /* Info.plist */,
			);
			path = "Ic Ice TasarimUITests";
			sourceTree = "<group>";
		};
/* End PBXGroup section */

/* Begin PBXNativeTarget section */
		7975F0F522E2011800F4814C /* Ic Ice Tasarim */ = {
			isa = PBXNativeTarget;
			buildConfigurationList = 7975F11E22E2011900F4814C /* Build configuration list for PBXNativeTarget "Ic Ice Tasarim" */;
			buildPhases = (
				7975F0F222E2011800F4814C /* Sources */,
				7975F0F322E2011800F4814C /* Frameworks */,
				7975F0F422E2011800F4814C /* Resources */,
			);
			buildRules = (
			);
			dependencies = (
			);
			name = "Ic Ice Tasarim";
			productName = "Ic Ice Tasarim";
			productReference = 7975F0F622E2011800F4814C /* Ic Ice Tasarim.app */;
			productType = "com.apple.product-type.application";
		};
		7975F10922E2011800F4814C /* Ic Ice TasarimTests */ = {
			isa = PBXNativeTarget;
			buildConfigurationList = 7975F12122E2011900F4814C /* Build configuration list for PBXNativeTarget "Ic Ice TasarimTests" */;
			buildPhases = (
				7975F10622E2011800F4814C /* Sources */,
				7975F10722E2011800F4814C /* Frameworks */,
				7975F10822E2011800F4814C /* Resources */,
			);
			buildRules = (
			);
			dependencies = (
				7975F10C22E2011800F4814C /* PBXTargetDependency */,
			);
			name = "Ic Ice TasarimTests";
			productName = "Ic Ice TasarimTests";
			productReference = 7975F10A22E2011800F4814C /* Ic Ice TasarimTests.xctest */;
			productType = "com.apple.product-type.bundle.unit-test";
		};
		7975F11422E2011900F4814C /* Ic Ice TasarimUITests */ = {
			isa = PBXNativeTarget;
			buildConfigurationList = 7975F12422E2011900F4814C /* Build configuration list for PBXNativeTarget "Ic Ice TasarimUITests" */;
			buildPhases = (
				7975F11122E2011900F4814C /* Sources */,
				7975F11222E2011900F4814C /* Frameworks */,
				7975F11322E2011900F4814C /* Resources */,
			);
			buildRules = (
			);
			dependencies = (
				7975F11722E2011900F4814C /* PBXTargetDependency */,
			);
			name = "Ic Ice TasarimUITests";
			productName = "Ic Ice TasarimUITests";
			productReference = 7975F11522E2011900F4814C /* Ic Ice TasarimUITests.xctest */;
			productType = "com.apple.product-type.bundle.ui-testing";
		};
/* End PBXNativeTarget section */

/* Begin PBXProject section */
		7975F0EE22E2011800F4814C /* Project object */ = {
			isa = PBXProject;
			attributes = {
				LastSwiftUpdateCheck = 1020;
				LastUpgradeCheck = 1020;
				ORGANIZATIONNAME = info;
				TargetAttributes = {
					7975F0F522E2011800F4814C = {
						CreatedOnToolsVersion = 10.2.1;
					};
					7975F10922E2011800F4814C = {
						CreatedOnToolsVersion = 10.2.1;
						TestTargetID = 7975F0F522E2011800F4814C;
					};
					7975F11422E2011900F4814C = {
						CreatedOnToolsVersion = 10.2.1;
						TestTargetID = 7975F0F522E2011800F4814C;
					};
				};
			};
			buildConfigurationList = 7975F0F122E2011800F4814C /* Build configuration list for PBXProject "Ic Ice Tasarim" */;
			compatibilityVersion = "Xcode 9.3";
			developmentRegion = en;
			hasScannedForEncodings = 0;
			knownRegions = (
				en,
				Base,
			);
			mainGroup = 7975F0ED22E2011800F4814C;
			productRefGroup = 7975F0F722E2011800F4814C /* Products */;
			projectDirPath = "";
			projectRoot = "";
			targets = (
				7975F0F522E2011800F4814C /* Ic Ice Tasarim */,
				7975F10922E2011800F4814C /* Ic Ice TasarimTests */,
				7975F11422E2011900F4814C /* Ic Ice TasarimUITests */,
			);
		};
/* End PBXProject section */

/* Begin PBXResourcesBuildPhase section */
		7975F0F422E2011800F4814C /* Resources */ = {
			isa = PBXResourcesBuildPhase;
			buildActionMask = 2147483647;
			files = (
				7975F10422E2011800F4814C /* LaunchScreen.storyboard in Resources */,
				7975F10122E2011800F4814C /* Assets.xcassets in Resources */,
				7975F0FF22E2011800F4814C /* Main.storyboard in Resources */,
			);
			runOnlyForDeploymentPostprocessing = 0;
		};
		7975F10822E2011800F4814C /* Resources */ = {
			isa = PBXResourcesBuildPhase;
			buildActionMask = 2147483647;
			files = (
			);
			runOnlyForDeploymentPostprocessing = 0;
		};
		7975F11322E2011900F4814C /* Resources */ = {
			isa = PBXResourcesBuildPhase;
			buildActionMask = 2147483647;
			files = (
			);
			runOnlyForDeploymentPostprocessing = 0;
		};
/* End PBXResourcesBuildPhase section */

/* Begin PBXSourcesBuildPhase section */
		7975F0F222E2011800F4814C /* Sources */ = {
			isa = PBXSourcesBuildPhase;
			buildActionMask = 2147483647;
			files = (
				7975F0FC22E2011800F4814C /* ViewController.swift in Sources */,
				7975F0FA22E2011800F4814C /* AppDelegate.swift in Sources */,
			);
			runOnlyForDeploymentPostprocessing = 0;
		};
		7975F10622E2011800F4814C /* Sources */ = {
			isa = PBXSourcesBuildPhase;
			buildActionMask = 2147483647;
			files = (
				7975F10F22E2011800F4814C /* Ic_Ice_TasarimTests.swift in Sources */,
			);
			runOnlyForDeploymentPostprocessing = 0;
		};
		7975F11122E2011900F4814C /* Sources */ = {
			isa = PBXSourcesBuildPhase;
			buildActionMask = 2147483647;
			files = (
				7975F11A22E2011900F4814C /* Ic_Ice_TasarimUITests.swift in Sources */,
			);
			runOnlyForDeploymentPostprocessing = 0;
		};
/* End PBXSourcesBuildPhase section */

/* Begin PBXTargetDependency section */
		7975F10C22E2011800F4814C /* PBXTargetDependency */ = {
			isa = PBXTargetDependency;
			target = 7975F0F522E2011800F4814C /* Ic Ice Tasarim */;
			targetProxy = 7975F10B22E2011800F4814C /* PBXContainerItemProxy */;
		};
		7975F11722E2011900F4814C /* PBXTargetDependency */ = {
			isa = PBXTargetDependency;
			target = 7975F0F522E2011800F4814C /* Ic Ice Tasarim */;
			targetProxy = 7975F11622E2011900F4814C /* PBXContainerItemProxy */;
		};
/* End PBXTargetDependency section */

/* Begin PBXVariantGroup section */
		7975F0FD22E2011800F4814C /* Main.storyboard */ = {
			isa = PBXVariantGroup;
			children = (
				7975F0FE22E2011800F4814C /* Base */,
			);
			name = Main.storyboard;
			sourceTree = "<group>";
		};
		7975F10222E2011800F4814C /* LaunchScreen.storyboard */ = {
			isa = PBXVariantGroup;
			children = (
				7975F10322E2011800F4814C /* Base */,
			);
			name = LaunchScreen.storyboard;
			sourceTree = "<group>";
		};
/* End PBXVariantGroup section */

/* Begin XCBuildConfiguration section */
		7975F11C22E2011900F4814C /* Debug */ = {
			isa = XCBuildConfiguration;
			buildSettings = {
				ALWAYS_SEARCH_USER_PATHS = NO;
				CLANG_ANALYZER_NONNULL = YES;
				CLANG_ANALYZER_NUMBER_OBJECT_CONVERSION = YES_AGGRESSIVE;
				CLANG_CXX_LANGUAGE_STANDARD = "gnu++14";
				CLANG_CXX_LIBRARY = "libc++";
				CLANG_ENABLE_MODULES = YES;
				CLANG_ENABLE_OBJC_ARC = YES;
				CLANG_ENABLE_OBJC_WEAK = YES;
				CLANG_WARN_BLOCK_CAPTURE_AUTORELEASING = YES;
				CLANG_WARN_BOOL_CONVERSION = YES;
				CLANG_WARN_COMMA = YES;
				CLANG_WARN_CONSTANT_CONVERSION = YES;
				CLANG_WARN_DEPRECATED_OBJC_IMPLEMENTATIONS = YES;
				CLANG_WARN_DIRECT_OBJC_ISA_USAGE = YES_ERROR;
				CLANG_WARN_DOCUMENTATION_COMMENTS = YES;
				CLANG_WARN_EMPTY_BODY = YES;
				CLANG_WARN_ENUM_CONVERSION = YES;
				CLANG_WARN_INFINITE_RECURSION = YES;
				CLANG_WARN_INT_CONVERSION = YES;
				CLANG_WARN_NON_LITERAL_NULL_CONVERSION = YES;
				CLANG_WARN_OBJC_IMPLICIT_RETAIN_SELF = YES;
				CLANG_WARN_OBJC_LITERAL_CONVERSION = YES;
				CLANG_WARN_OBJC_ROOT_CLASS = YES_ERROR;
				CLANG_WARN_RANGE_LOOP_ANALYSIS = YES;
				CLANG_WARN_STRICT_PROTOTYPES = YES;
				CLANG_WARN_SUSPICIOUS_MOVE = YES;
				CLANG_WARN_UNGUARDED_AVAILABILITY = YES_AGGRESSIVE;
				CLANG_WARN_UNREACHABLE_CODE = YES;
				CLANG_WARN__DUPLICATE_METHOD_MATCH = YES;
				CODE_SIGN_IDENTITY = "iPhone Developer";
				COPY_PHASE_STRIP = NO;
				DEBUG_INFORMATION_FORMAT = dwarf;
				ENABLE_STRICT_OBJC_MSGSEND = YES;
				ENABLE_TESTABILITY = YES;
				GCC_C_LANGUAGE_STANDARD = gnu11;
				GCC_DYNAMIC_NO_PIC = NO;
				GCC_NO_COMMON_BLOCKS = YES;
				GCC_OPTIMIZATION_LEVEL = 0;
				GCC_PREPROCESSOR_DEFINITIONS = (
					"DEBUG=1",
					"$(inherited)",
				);
				GCC_WARN_64_TO_32_BIT_CONVERSION = YES;
				GCC_WARN_ABOUT_RETURN_TYPE = YES_ERROR;
				GCC_WARN_UNDECLARED_SELECTOR = YES;
				GCC_WARN_UNINITIALIZED_AUTOS = YES_AGGRESSIVE;
				GCC_WARN_UNUSED_FUNCTION = YES;
				GCC_WARN_UNUSED_VARIABLE = YES;
				IPHONEOS_DEPLOYMENT_TARGET = 12.2;
				MTL_ENABLE_DEBUG_INFO = INCLUDE_SOURCE;
				MTL_FAST_MATH = YES;
				ONLY_ACTIVE_ARCH = YES;
				SDKROOT = iphoneos;
				SWIFT_ACTIVE_COMPILATION_CONDITIONS = DEBUG;
				SWIFT_OPTIMIZATION_LEVEL = "-Onone";
			};
			name = Debug;
		};
		7975F11D22E2011900F4814C /* Release */ = {
			isa = XCBuildConfiguration;
			buildSettings = {
				ALWAYS_SEARCH_USER_PATHS = NO;
				CLANG_ANALYZER_NONNULL = YES;
				CLANG_ANALYZER_NUMBER_OBJECT_CONVERSION = YES_AGGRESSIVE;
				CLANG_CXX_LANGUAGE_STANDARD = "gnu++14";
				CLANG_CXX_LIBRARY = "libc++";
				CLANG_ENABLE_MODULES = YES;
				CLANG_ENABLE_OBJC_ARC = YES;
				CLANG_ENABLE_OBJC_WEAK = YES;
				CLANG_WARN_BLOCK_CAPTURE_AUTORELEASING = YES;
				CLANG_WARN_BOOL_CONVERSION = YES;
				CLANG_WARN_COMMA = YES;
				CLANG_WARN_CONSTANT_CONVERSION = YES;
				CLANG_WARN_DEPRECATED_OBJC_IMPLEMENTATIONS = YES;
				CLANG_WARN_DIRECT_OBJC_ISA_USAGE = YES_ERROR;
				CLANG_WARN_DOCUMENTATION_COMMENTS = YES;
				CLANG_WARN_EMPTY_BODY = YES;
				CLANG_WARN_ENUM_CONVERSION = YES;
				CLANG_WARN_INFINITE_RECURSION = YES;
				CLANG_WARN_INT_CONVERSION = YES;
				CLANG_WARN_NON_LITERAL_NULL_CONVERSION = YES;
				CLANG_WARN_OBJC_IMPLICIT_RETAIN_SELF = YES;
				CLANG_WARN_OBJC_LITERAL_CONVERSION = YES;
				CLANG_WARN_OBJC_ROOT_CLASS = YES_ERROR;
				CLANG_WARN_RANGE_LOOP_ANALYSIS = YES;
				CLANG_WARN_STRICT_PROTOTYPES = YES;
				CLANG_WARN_SUSPICIOUS_MOVE = YES;
				CLANG_WARN_UNGUARDED_AVAILABILITY = YES_AGGRESSIVE;
				CLANG_WARN_UNREACHABLE_CODE = YES;
				CLANG_WARN__DUPLICATE_METHOD_MATCH = YES;
				CODE_SIGN_IDENTITY = "iPhone Developer";
				COPY_PHASE_STRIP = NO;
				DEBUG_INFORMATION_FORMAT = "dwarf-with-dsym";
				ENABLE_NS_ASSERTIONS = NO;
				ENABLE_STRICT_OBJC_MSGSEND = YES;
				GCC_C_LANGUAGE_STANDARD = gnu11;
				GCC_NO_COMMON_BLOCKS = YES;
				GCC_WARN_64_TO_32_BIT_CONVERSION = YES;
				GCC_WARN_ABOUT_RETURN_TYPE = YES_ERROR;
				GCC_WARN_UNDECLARED_SELECTOR = YES;
				GCC_WARN_UNINITIALIZED_AUTOS = YES_AGGRESSIVE;
				GCC_WARN_UNUSED_FUNCTION = YES;
				GCC_WARN_UNUSED_VARIABLE = YES;
				IPHONEOS_DEPLOYMENT_TARGET = 12.2;
				MTL_ENABLE_DEBUG_INFO = NO;
				MTL_FAST_MATH = YES;
				SDKROOT = iphoneos;
				SWIFT_COMPILATION_MODE = wholemodule;
				SWIFT_OPTIMIZATION_LEVEL = "-O";
				VALIDATE_PRODUCT = YES;
			};
			name = Release;
		};
		7975F11F22E2011900F4814C /* Debug */ = {
			isa = XCBuildConfiguration;
			buildSettings = {
				ASSETCATALOG_COMPILER_APPICON_NAME = AppIcon;
				CODE_SIGN_STYLE = Automatic;
				INFOPLIST_FILE = "Ic Ice Tasarim/Info.plist";
				LD_RUNPATH_SEARCH_PATHS = (
					"$(inherited)",
					"@executable_path/Frameworks",
				);
				PRODUCT_BUNDLE_IDENTIFIER = "info.Ic-Ice-Tasarim";
				PRODUCT_NAME = "$(TARGET_NAME)";
				SWIFT_VERSION = 5.0;
				TARGETED_DEVICE_FAMILY = "1,2";
			};
			name = Debug;
		};
		7975F12022E2011900F4814C /* Release */ = {
			isa = XCBuildConfiguration;
			buildSettings = {
				ASSETCATALOG_COMPILER_APPICON_NAME = AppIcon;
				CODE_SIGN_STYLE = Automatic;
				INFOPLIST_FILE = "Ic Ice Tasarim/Info.plist";
				LD_RUNPATH_SEARCH_PATHS = (
					"$(inherited)",
					"@executable_path/Frameworks",
				);
				PRODUCT_BUNDLE_IDENTIFIER = "info.Ic-Ice-Tasarim";
				PRODUCT_NAME = "$(TARGET_NAME)";
				SWIFT_VERSION = 5.0;
				TARGETED_DEVICE_FAMILY = "1,2";
			};
			name = Release;
		};
		7975F12222E2011900F4814C /* Debug */ = {
			isa = XCBuildConfiguration;
			buildSettings = {
				ALWAYS_EMBED_SWIFT_STANDARD_LIBRARIES = YES;
				BUNDLE_LOADER = "$(TEST_HOST)";
				CODE_SIGN_STYLE = Automatic;
				INFOPLIST_FILE = "Ic Ice TasarimTests/Info.plist";
				LD_RUNPATH_SEARCH_PATHS = (
					"$(inherited)",
					"@executable_path/Frameworks",
					"@loader_path/Frameworks",
				);
				PRODUCT_BUNDLE_IDENTIFIER = "info.Ic-Ice-TasarimTests";
				PRODUCT_NAME = "$(TARGET_NAME)";
				SWIFT_VERSION = 5.0;
				TARGETED_DEVICE_FAMILY = "1,2";
				TEST_HOST = "$(BUILT_PRODUCTS_DIR)/Ic Ice Tasarim.app/Ic Ice Tasarim";
			};
			name = Debug;
		};
		7975F12322E2011900F4814C /* Release */ = {
			isa = XCBuildConfiguration;
			buildSettings = {
				ALWAYS_EMBED_SWIFT_STANDARD_LIBRARIES = YES;
				BUNDLE_LOADER = "$(TEST_HOST)";
				CODE_SIGN_STYLE = Automatic;
				INFOPLIST_FILE = "Ic Ice TasarimTests/Info.plist";
				LD_RUNPATH_SEARCH_PATHS = (
					"$(inherited)",
					"@executable_path/Frameworks",
					"@loader_path/Frameworks",
				);
				PRODUCT_BUNDLE_IDENTIFIER = "info.Ic-Ice-TasarimTests";
				PRODUCT_NAME = "$(TARGET_NAME)";
				SWIFT_VERSION = 5.0;
				TARGETED_DEVICE_FAMILY = "1,2";
				TEST_HOST = "$(BUILT_PRODUCTS_DIR)/Ic Ice Tasarim.app/Ic Ice Tasarim";
			};
			name = Release;
		};
		7975F12522E2011900F4814C /* Debug */ = {
			isa = XCBuildConfiguration;
			buildSettings = {
				ALWAYS_EMBED_SWIFT_STANDARD_LIBRARIES = YES;
				CODE_SIGN_STYLE = Automatic;
				INFOPLIST_FILE = "Ic Ice TasarimUITests/Info.plist";
				LD_RUNPATH_SEARCH_PATHS = (
					"$(inherited)",
					"@executable_path/Frameworks",
					"@loader_path/Frameworks",
				);
				PRODUCT_BUNDLE_IDENTIFIER = "info.Ic-Ice-TasarimUITests";
				PRODUCT_NAME = "$(TARGET_NAME)";
				SWIFT_VERSION = 5.0;
				TARGETED_DEVICE_FAMILY = "1,2";
				TEST_TARGET_NAME = "Ic Ice Tasarim";
			};
			name = Debug;
		};
		7975F12622E2011900F4814C /* Release */ = {
			isa = XCBuildConfiguration;
			buildSettings = {
				ALWAYS_EMBED_SWIFT_STANDARD_LIBRARIES = YES;
				CODE_SIGN_STYLE = Automatic;
				INFOPLIST_FILE = "Ic Ice TasarimUITests/Info.plist";
				LD_RUNPATH_SEARCH_PATHS = (
					"$(inherited)",
					"@executable_path/Frameworks",
					"@loader_path/Frameworks",
				);
				PRODUCT_BUNDLE_IDENTIFIER = "info.Ic-Ice-TasarimUITests";
				PRODUCT_NAME = "$(TARGET_NAME)";
				SWIFT_VERSION = 5.0;
				TARGETED_DEVICE_FAMILY = "1,2";
				TEST_TARGET_NAME = "Ic Ice Tasarim";
			};
			name = Release;
		};
/* End XCBuildConfiguration section */

/* Begin XCConfigurationList section */
		7975F0F122E2011800F4814C /* Build configuration list for PBXProject "Ic Ice Tasarim" */ = {
			isa = XCConfigurationList;
			buildConfigurations = (
				7975F11C22E2011900F4814C /* Debug */,
				7975F11D22E2011900F4814C /* Release */,
			);
			defaultConfigurationIsVisible = 0;
			defaultConfigurationName = Release;
		};
		7975F11E22E2011900F4814C /* Build configuration list for PBXNativeTarget "Ic Ice Tasarim" */ = {
			isa = XCConfigurationList;
			buildConfigurations = (
				7975F11F22E2011900F4814C /* Debug */,
				7975F12022E2011900F4814C /* Release */,
			);
			defaultConfigurationIsVisible = 0;
			defaultConfigurationName = Release;
		};
		7975F12122E2011900F4814C /* Build configuration list for PBXNativeTarget "Ic Ice TasarimTests" */ = {
			isa = XCConfigurationList;
			buildConfigurations = (
				7975F12222E2011900F4814C /* Debug */,
				7975F12322E2011900F4814C /* Release */,
			);
			defaultConfigurationIsVisible = 0;
			defaultConfigurationName = Release;
		};
		7975F12422E2011900F4814C /* Build configuration list for PBXNativeTarget "Ic Ice TasarimUITests" */ = {
			isa = XCConfigurationList;
			buildConfigurations = (
				7975F12522E2011900F4814C /* Debug */,
				7975F12622E2011900F4814C /* Release */,
			);
			defaultConfigurationIsVisible = 0;
			defaultConfigurationName = Release;
		};
/* End XCConfigurationList section */
	};
	rootObject = 7975F0EE22E2011800F4814C /* Project object */;
}
