// !$*UTF8*$!
{
	archiveVersion = 1;
	classes = {
	};
	objectVersion = 50;
	objects = {

/* Begin PBXBuildFile section */
		797621D022E9A4C600273F7E /* AppDelegate.swift in Sources */ = {isa = PBXBuildFile; fileRef = 797621CF22E9A4C600273F7E /* AppDelegate.swift */; };
		797621D222E9A4C600273F7E /* ViewController.swift in Sources */ = {isa = PBXBuildFile; fileRef = 797621D122E9A4C600273F7E /* ViewController.swift */; };
		797621D522E9A4C600273F7E /* Main.storyboard in Resources */ = {isa = PBXBuildFile; fileRef = 797621D322E9A4C600273F7E /* Main.storyboard */; };
		797621D722E9A4C700273F7E /* Assets.xcassets in Resources */ = {isa = PBXBuildFile; fileRef = 797621D622E9A4C700273F7E /* Assets.xcassets */; };
		797621DA22E9A4C700273F7E /* LaunchScreen.storyboard in Resources */ = {isa = PBXBuildFile; fileRef = 797621D822E9A4C700273F7E /* LaunchScreen.storyboard */; };
		797621E522E9A4C700273F7E /* Date_and_Time_PickerTests.swift in Sources */ = {isa = PBXBuildFile; fileRef = 797621E422E9A4C700273F7E /* Date_and_Time_PickerTests.swift */; };
		797621F022E9A4C700273F7E /* Date_and_Time_PickerUITests.swift in Sources */ = {isa = PBXBuildFile; fileRef = 797621EF22E9A4C700273F7E /* Date_and_Time_PickerUITests.swift */; };
/* End PBXBuildFile section */

/* Begin PBXContainerItemProxy section */
		797621E122E9A4C700273F7E /* PBXContainerItemProxy */ = {
			isa = PBXContainerItemProxy;
			containerPortal = 797621C422E9A4C600273F7E /* Project object */;
			proxyType = 1;
			remoteGlobalIDString = 797621CB22E9A4C600273F7E;
			remoteInfo = "Date and Time Picker";
		};
		797621EC22E9A4C700273F7E /* PBXContainerItemProxy */ = {
			isa = PBXContainerItemProxy;
			containerPortal = 797621C422E9A4C600273F7E /* Project object */;
			proxyType = 1;
			remoteGlobalIDString = 797621CB22E9A4C600273F7E;
			remoteInfo = "Date and Time Picker";
		};
/* End PBXContainerItemProxy section */

/* Begin PBXFileReference section */
		797621CC22E9A4C600273F7E /* Date and Time Picker.app */ = {isa = PBXFileReference; explicitFileType = wrapper.application; includeInIndex = 0; path = "Date and Time Picker.app"; sourceTree = BUILT_PRODUCTS_DIR; };
		797621CF22E9A4C600273F7E /* AppDelegate.swift */ = {isa = PBXFileReference; lastKnownFileType = sourcecode.swift; path = AppDelegate.swift; sourceTree = "<group>"; };
		797621D122E9A4C600273F7E /* ViewController.swift */ = {isa = PBXFileReference; lastKnownFileType = sourcecode.swift; path = ViewController.swift; sourceTree = "<group>"; };
		797621D422E9A4C600273F7E /* Base */ = {isa = PBXFileReference; lastKnownFileType = file.storyboard; name = Base; path = Base.lproj/Main.storyboard; sourceTree = "<group>"; };
		797621D622E9A4C700273F7E /* Assets.xcassets */ = {isa = PBXFileReference; lastKnownFileType = folder.assetcatalog; path = Assets.xcassets; sourceTree = "<group>"; };
		797621D922E9A4C700273F7E /* Base */ = {isa = PBXFileReference; lastKnownFileType = file.storyboard; name = Base; path = Base.lproj/LaunchScreen.storyboard; sourceTree = "<group>"; };
		797621DB22E9A4C700273F7E /* Info.plist */ = {isa = PBXFileReference; lastKnownFileType = text.plist.xml; path = Info.plist; sourceTree = "<group>"; };
		797621E022E9A4C700273F7E /* Date and Time PickerTests.xctest */ = {isa = PBXFileReference; explicitFileType = wrapper.cfbundle; includeInIndex = 0; path = "Date and Time PickerTests.xctest"; sourceTree = BUILT_PRODUCTS_DIR; };
		797621E422E9A4C700273F7E /* Date_and_Time_PickerTests.swift */ = {isa = PBXFileReference; lastKnownFileType = sourcecode.swift; path = Date_and_Time_PickerTests.swift; sourceTree = "<group>"; };
		797621E622E9A4C700273F7E /* Info.plist */ = {isa = PBXFileReference; lastKnownFileType = text.plist.xml; path = Info.plist; sourceTree = "<group>"; };
		797621EB22E9A4C700273F7E /* Date and Time PickerUITests.xctest */ = {isa = PBXFileReference; explicitFileType = wrapper.cfbundle; includeInIndex = 0; path = "Date and Time PickerUITests.xctest"; sourceTree = BUILT_PRODUCTS_DIR; };
		797621EF22E9A4C700273F7E /* Date_and_Time_PickerUITests.swift */ = {isa = PBXFileReference; lastKnownFileType = sourcecode.swift; path = Date_and_Time_PickerUITests.swift; sourceTree = "<group>"; };
		797621F122E9A4C700273F7E /* Info.plist */ = {isa = PBXFileReference; lastKnownFileType = text.plist.xml; path = Info.plist; sourceTree = "<group>"; };
/* End PBXFileReference section */

/* Begin PBXFrameworksBuildPhase section */
		797621C922E9A4C600273F7E /* Frameworks */ = {
			isa = PBXFrameworksBuildPhase;
			buildActionMask = 2147483647;
			files = (
			);
			runOnlyForDeploymentPostprocessing = 0;
		};
		797621DD22E9A4C700273F7E /* Frameworks */ = {
			isa = PBXFrameworksBuildPhase;
			buildActionMask = 2147483647;
			files = (
			);
			runOnlyForDeploymentPostprocessing = 0;
		};
		797621E822E9A4C700273F7E /* Frameworks */ = {
			isa = PBXFrameworksBuildPhase;
			buildActionMask = 2147483647;
			files = (
			);
			runOnlyForDeploymentPostprocessing = 0;
		};
/* End PBXFrameworksBuildPhase section */

/* Begin PBXGroup section */
		797621C322E9A4C600273F7E = {
			isa = PBXGroup;
			children = (
				797621CE22E9A4C600273F7E /* Date and Time Picker */,
				797621E322E9A4C700273F7E /* Date and Time PickerTests */,
				797621EE22E9A4C700273F7E /* Date and Time PickerUITests */,
				797621CD22E9A4C600273F7E /* Products */,
			);
			sourceTree = "<group>";
		};
		797621CD22E9A4C600273F7E /* Products */ = {
			isa = PBXGroup;
			children = (
				797621CC22E9A4C600273F7E /* Date and Time Picker.app */,
				797621E022E9A4C700273F7E /* Date and Time PickerTests.xctest */,
				797621EB22E9A4C700273F7E /* Date and Time PickerUITests.xctest */,
			);
			name = Products;
			sourceTree = "<group>";
		};
		797621CE22E9A4C600273F7E /* Date and Time Picker */ = {
			isa = PBXGroup;
			children = (
				797621CF22E9A4C600273F7E /* AppDelegate.swift */,
				797621D122E9A4C600273F7E /* ViewController.swift */,
				797621D322E9A4C600273F7E /* Main.storyboard */,
				797621D622E9A4C700273F7E /* Assets.xcassets */,
				797621D822E9A4C700273F7E /* LaunchScreen.storyboard */,
				797621DB22E9A4C700273F7E /* Info.plist */,
			);
			path = "Date and Time Picker";
			sourceTree = "<group>";
		};
		797621E322E9A4C700273F7E /* Date and Time PickerTests */ = {
			isa = PBXGroup;
			children = (
				797621E422E9A4C700273F7E /* Date_and_Time_PickerTests.swift */,
				797621E622E9A4C700273F7E /* Info.plist */,
			);
			path = "Date and Time PickerTests";
			sourceTree = "<group>";
		};
		797621EE22E9A4C700273F7E /* Date and Time PickerUITests */ = {
			isa = PBXGroup;
			children = (
				797621EF22E9A4C700273F7E /* Date_and_Time_PickerUITests.swift */,
				797621F122E9A4C700273F7E /* Info.plist */,
			);
			path = "Date and Time PickerUITests";
			sourceTree = "<group>";
		};
/* End PBXGroup section */

/* Begin PBXNativeTarget section */
		797621CB22E9A4C600273F7E /* Date and Time Picker */ = {
			isa = PBXNativeTarget;
			buildConfigurationList = 797621F422E9A4C700273F7E /* Build configuration list for PBXNativeTarget "Date and Time Picker" */;
			buildPhases = (
				797621C822E9A4C600273F7E /* Sources */,
				797621C922E9A4C600273F7E /* Frameworks */,
				797621CA22E9A4C600273F7E /* Resources */,
			);
			buildRules = (
			);
			dependencies = (
			);
			name = "Date and Time Picker";
			productName = "Date and Time Picker";
			productReference = 797621CC22E9A4C600273F7E /* Date and Time Picker.app */;
			productType = "com.apple.product-type.application";
		};
		797621DF22E9A4C700273F7E /* Date and Time PickerTests */ = {
			isa = PBXNativeTarget;
			buildConfigurationList = 797621F722E9A4C700273F7E /* Build configuration list for PBXNativeTarget "Date and Time PickerTests" */;
			buildPhases = (
				797621DC22E9A4C700273F7E /* Sources */,
				797621DD22E9A4C700273F7E /* Frameworks */,
				797621DE22E9A4C700273F7E /* Resources */,
			);
			buildRules = (
			);
			dependencies = (
				797621E222E9A4C700273F7E /* PBXTargetDependency */,
			);
			name = "Date and Time PickerTests";
			productName = "Date and Time PickerTests";
			productReference = 797621E022E9A4C700273F7E /* Date and Time PickerTests.xctest */;
			productType = "com.apple.product-type.bundle.unit-test";
		};
		797621EA22E9A4C700273F7E /* Date and Time PickerUITests */ = {
			isa = PBXNativeTarget;
			buildConfigurationList = 797621FA22E9A4C700273F7E /* Build configuration list for PBXNativeTarget "Date and Time PickerUITests" */;
			buildPhases = (
				797621E722E9A4C700273F7E /* Sources */,
				797621E822E9A4C700273F7E /* Frameworks */,
				797621E922E9A4C700273F7E /* Resources */,
			);
			buildRules = (
			);
			dependencies = (
				797621ED22E9A4C700273F7E /* PBXTargetDependency */,
			);
			name = "Date and Time PickerUITests";
			productName = "Date and Time PickerUITests";
			productReference = 797621EB22E9A4C700273F7E /* Date and Time PickerUITests.xctest */;
			productType = "com.apple.product-type.bundle.ui-testing";
		};
/* End PBXNativeTarget section */

/* Begin PBXProject section */
		797621C422E9A4C600273F7E /* Project object */ = {
			isa = PBXProject;
			attributes = {
				LastSwiftUpdateCheck = 1020;
				LastUpgradeCheck = 1020;
				ORGANIZATIONNAME = info;
				TargetAttributes = {
					797621CB22E9A4C600273F7E = {
						CreatedOnToolsVersion = 10.2.1;
					};
					797621DF22E9A4C700273F7E = {
						CreatedOnToolsVersion = 10.2.1;
						TestTargetID = 797621CB22E9A4C600273F7E;
					};
					797621EA22E9A4C700273F7E = {
						CreatedOnToolsVersion = 10.2.1;
						TestTargetID = 797621CB22E9A4C600273F7E;
					};
				};
			};
			buildConfigurationList = 797621C722E9A4C600273F7E /* Build configuration list for PBXProject "Date and Time Picker" */;
			compatibilityVersion = "Xcode 9.3";
			developmentRegion = en;
			hasScannedForEncodings = 0;
			knownRegions = (
				en,
				Base,
			);
			mainGroup = 797621C322E9A4C600273F7E;
			productRefGroup = 797621CD22E9A4C600273F7E /* Products */;
			projectDirPath = "";
			projectRoot = "";
			targets = (
				797621CB22E9A4C600273F7E /* Date and Time Picker */,
				797621DF22E9A4C700273F7E /* Date and Time PickerTests */,
				797621EA22E9A4C700273F7E /* Date and Time PickerUITests */,
			);
		};
/* End PBXProject section */

/* Begin PBXResourcesBuildPhase section */
		797621CA22E9A4C600273F7E /* Resources */ = {
			isa = PBXResourcesBuildPhase;
			buildActionMask = 2147483647;
			files = (
				797621DA22E9A4C700273F7E /* LaunchScreen.storyboard in Resources */,
				797621D722E9A4C700273F7E /* Assets.xcassets in Resources */,
				797621D522E9A4C600273F7E /* Main.storyboard in Resources */,
			);
			runOnlyForDeploymentPostprocessing = 0;
		};
		797621DE22E9A4C700273F7E /* Resources */ = {
			isa = PBXResourcesBuildPhase;
			buildActionMask = 2147483647;
			files = (
			);
			runOnlyForDeploymentPostprocessing = 0;
		};
		797621E922E9A4C700273F7E /* Resources */ = {
			isa = PBXResourcesBuildPhase;
			buildActionMask = 2147483647;
			files = (
			);
			runOnlyForDeploymentPostprocessing = 0;
		};
/* End PBXResourcesBuildPhase section */

/* Begin PBXSourcesBuildPhase section */
		797621C822E9A4C600273F7E /* Sources */ = {
			isa = PBXSourcesBuildPhase;
			buildActionMask = 2147483647;
			files = (
				797621D222E9A4C600273F7E /* ViewController.swift in Sources */,
				797621D022E9A4C600273F7E /* AppDelegate.swift in Sources */,
			);
			runOnlyForDeploymentPostprocessing = 0;
		};
		797621DC22E9A4C700273F7E /* Sources */ = {
			isa = PBXSourcesBuildPhase;
			buildActionMask = 2147483647;
			files = (
				797621E522E9A4C700273F7E /* Date_and_Time_PickerTests.swift in Sources */,
			);
			runOnlyForDeploymentPostprocessing = 0;
		};
		797621E722E9A4C700273F7E /* Sources */ = {
			isa = PBXSourcesBuildPhase;
			buildActionMask = 2147483647;
			files = (
				797621F022E9A4C700273F7E /* Date_and_Time_PickerUITests.swift in Sources */,
			);
			runOnlyForDeploymentPostprocessing = 0;
		};
/* End PBXSourcesBuildPhase section */

/* Begin PBXTargetDependency section */
		797621E222E9A4C700273F7E /* PBXTargetDependency */ = {
			isa = PBXTargetDependency;
			target = 797621CB22E9A4C600273F7E /* Date and Time Picker */;
			targetProxy = 797621E122E9A4C700273F7E /* PBXContainerItemProxy */;
		};
		797621ED22E9A4C700273F7E /* PBXTargetDependency */ = {
			isa = PBXTargetDependency;
			target = 797621CB22E9A4C600273F7E /* Date and Time Picker */;
			targetProxy = 797621EC22E9A4C700273F7E /* PBXContainerItemProxy */;
		};
/* End PBXTargetDependency section */

/* Begin PBXVariantGroup section */
		797621D322E9A4C600273F7E /* Main.storyboard */ = {
			isa = PBXVariantGroup;
			children = (
				797621D422E9A4C600273F7E /* Base */,
			);
			name = Main.storyboard;
			sourceTree = "<group>";
		};
		797621D822E9A4C700273F7E /* LaunchScreen.storyboard */ = {
			isa = PBXVariantGroup;
			children = (
				797621D922E9A4C700273F7E /* Base */,
			);
			name = LaunchScreen.storyboard;
			sourceTree = "<group>";
		};
/* End PBXVariantGroup section */

/* Begin XCBuildConfiguration section */
		797621F222E9A4C700273F7E /* Debug */ = {
			isa = XCBuildConfiguration;
			buildSettings = {
				ALWAYS_SEARCH_USER_PATHS = NO;
				CLANG_ANALYZER_NONNULL = YES;
				CLANG_ANALYZER_NUMBER_OBJECT_CONVERSION = YES_AGGRESSIVE;
				CLANG_CXX_LANGUAGE_STANDARD = "gnu++14";
				CLANG_CXX_LIBRARY = "libc++";
				CLANG_ENABLE_MODULES = YES;
				CLANG_ENABLE_OBJC_ARC = YES;
				CLANG_ENABLE_OBJC_WEAK = YES;
				CLANG_WARN_BLOCK_CAPTURE_AUTORELEASING = YES;
				CLANG_WARN_BOOL_CONVERSION = YES;
				CLANG_WARN_COMMA = YES;
				CLANG_WARN_CONSTANT_CONVERSION = YES;
				CLANG_WARN_DEPRECATED_OBJC_IMPLEMENTATIONS = YES;
				CLANG_WARN_DIRECT_OBJC_ISA_USAGE = YES_ERROR;
				CLANG_WARN_DOCUMENTATION_COMMENTS = YES;
				CLANG_WARN_EMPTY_BODY = YES;
				CLANG_WARN_ENUM_CONVERSION = YES;
				CLANG_WARN_INFINITE_RECURSION = YES;
				CLANG_WARN_INT_CONVERSION = YES;
				CLANG_WARN_NON_LITERAL_NULL_CONVERSION = YES;
				CLANG_WARN_OBJC_IMPLICIT_RETAIN_SELF = YES;
				CLANG_WARN_OBJC_LITERAL_CONVERSION = YES;
				CLANG_WARN_OBJC_ROOT_CLASS = YES_ERROR;
				CLANG_WARN_RANGE_LOOP_ANALYSIS = YES;
				CLANG_WARN_STRICT_PROTOTYPES = YES;
				CLANG_WARN_SUSPICIOUS_MOVE = YES;
				CLANG_WARN_UNGUARDED_AVAILABILITY = YES_AGGRESSIVE;
				CLANG_WARN_UNREACHABLE_CODE = YES;
				CLANG_WARN__DUPLICATE_METHOD_MATCH = YES;
				CODE_SIGN_IDENTITY = "iPhone Developer";
				COPY_PHASE_STRIP = NO;
				DEBUG_INFORMATION_FORMAT = dwarf;
				ENABLE_STRICT_OBJC_MSGSEND = YES;
				ENABLE_TESTABILITY = YES;
				GCC_C_LANGUAGE_STANDARD = gnu11;
				GCC_DYNAMIC_NO_PIC = NO;
				GCC_NO_COMMON_BLOCKS = YES;
				GCC_OPTIMIZATION_LEVEL = 0;
				GCC_PREPROCESSOR_DEFINITIONS = (
					"DEBUG=1",
					"$(inherited)",
				);
				GCC_WARN_64_TO_32_BIT_CONVERSION = YES;
				GCC_WARN_ABOUT_RETURN_TYPE = YES_ERROR;
				GCC_WARN_UNDECLARED_SELECTOR = YES;
				GCC_WARN_UNINITIALIZED_AUTOS = YES_AGGRESSIVE;
				GCC_WARN_UNUSED_FUNCTION = YES;
				GCC_WARN_UNUSED_VARIABLE = YES;
				IPHONEOS_DEPLOYMENT_TARGET = 12.2;
				MTL_ENABLE_DEBUG_INFO = INCLUDE_SOURCE;
				MTL_FAST_MATH = YES;
				ONLY_ACTIVE_ARCH = YES;
				SDKROOT = iphoneos;
				SWIFT_ACTIVE_COMPILATION_CONDITIONS = DEBUG;
				SWIFT_OPTIMIZATION_LEVEL = "-Onone";
			};
			name = Debug;
		};
		797621F322E9A4C700273F7E /* Release */ = {
			isa = XCBuildConfiguration;
			buildSettings = {
				ALWAYS_SEARCH_USER_PATHS = NO;
				CLANG_ANALYZER_NONNULL = YES;
				CLANG_ANALYZER_NUMBER_OBJECT_CONVERSION = YES_AGGRESSIVE;
				CLANG_CXX_LANGUAGE_STANDARD = "gnu++14";
				CLANG_CXX_LIBRARY = "libc++";
				CLANG_ENABLE_MODULES = YES;
				CLANG_ENABLE_OBJC_ARC = YES;
				CLANG_ENABLE_OBJC_WEAK = YES;
				CLANG_WARN_BLOCK_CAPTURE_AUTORELEASING = YES;
				CLANG_WARN_BOOL_CONVERSION = YES;
				CLANG_WARN_COMMA = YES;
				CLANG_WARN_CONSTANT_CONVERSION = YES;
				CLANG_WARN_DEPRECATED_OBJC_IMPLEMENTATIONS = YES;
				CLANG_WARN_DIRECT_OBJC_ISA_USAGE = YES_ERROR;
				CLANG_WARN_DOCUMENTATION_COMMENTS = YES;
				CLANG_WARN_EMPTY_BODY = YES;
				CLANG_WARN_ENUM_CONVERSION = YES;
				CLANG_WARN_INFINITE_RECURSION = YES;
				CLANG_WARN_INT_CONVERSION = YES;
				CLANG_WARN_NON_LITERAL_NULL_CONVERSION = YES;
				CLANG_WARN_OBJC_IMPLICIT_RETAIN_SELF = YES;
				CLANG_WARN_OBJC_LITERAL_CONVERSION = YES;
				CLANG_WARN_OBJC_ROOT_CLASS = YES_ERROR;
				CLANG_WARN_RANGE_LOOP_ANALYSIS = YES;
				CLANG_WARN_STRICT_PROTOTYPES = YES;
				CLANG_WARN_SUSPICIOUS_MOVE = YES;
				CLANG_WARN_UNGUARDED_AVAILABILITY = YES_AGGRESSIVE;
				CLANG_WARN_UNREACHABLE_CODE = YES;
				CLANG_WARN__DUPLICATE_METHOD_MATCH = YES;
				CODE_SIGN_IDENTITY = "iPhone Developer";
				COPY_PHASE_STRIP = NO;
				DEBUG_INFORMATION_FORMAT = "dwarf-with-dsym";
				ENABLE_NS_ASSERTIONS = NO;
				ENABLE_STRICT_OBJC_MSGSEND = YES;
				GCC_C_LANGUAGE_STANDARD = gnu11;
				GCC_NO_COMMON_BLOCKS = YES;
				GCC_WARN_64_TO_32_BIT_CONVERSION = YES;
				GCC_WARN_ABOUT_RETURN_TYPE = YES_ERROR;
				GCC_WARN_UNDECLARED_SELECTOR = YES;
				GCC_WARN_UNINITIALIZED_AUTOS = YES_AGGRESSIVE;
				GCC_WARN_UNUSED_FUNCTION = YES;
				GCC_WARN_UNUSED_VARIABLE = YES;
				IPHONEOS_DEPLOYMENT_TARGET = 12.2;
				MTL_ENABLE_DEBUG_INFO = NO;
				MTL_FAST_MATH = YES;
				SDKROOT = iphoneos;
				SWIFT_COMPILATION_MODE = wholemodule;
				SWIFT_OPTIMIZATION_LEVEL = "-O";
				VALIDATE_PRODUCT = YES;
			};
			name = Release;
		};
		797621F522E9A4C700273F7E /* Debug */ = {
			isa = XCBuildConfiguration;
			buildSettings = {
				ASSETCATALOG_COMPILER_APPICON_NAME = AppIcon;
				CODE_SIGN_STYLE = Automatic;
				INFOPLIST_FILE = "Date and Time Picker/Info.plist";
				LD_RUNPATH_SEARCH_PATHS = (
					"$(inherited)",
					"@executable_path/Frameworks",
				);
				PRODUCT_BUNDLE_IDENTIFIER = "info.Date-and-Time-Picker";
				PRODUCT_NAME = "$(TARGET_NAME)";
				SWIFT_VERSION = 5.0;
				TARGETED_DEVICE_FAMILY = "1,2";
			};
			name = Debug;
		};
		797621F622E9A4C700273F7E /* Release */ = {
			isa = XCBuildConfiguration;
			buildSettings = {
				ASSETCATALOG_COMPILER_APPICON_NAME = AppIcon;
				CODE_SIGN_STYLE = Automatic;
				INFOPLIST_FILE = "Date and Time Picker/Info.plist";
				LD_RUNPATH_SEARCH_PATHS = (
					"$(inherited)",
					"@executable_path/Frameworks",
				);
				PRODUCT_BUNDLE_IDENTIFIER = "info.Date-and-Time-Picker";
				PRODUCT_NAME = "$(TARGET_NAME)";
				SWIFT_VERSION = 5.0;
				TARGETED_DEVICE_FAMILY = "1,2";
			};
			name = Release;
		};
		797621F822E9A4C700273F7E /* Debug */ = {
			isa = XCBuildConfiguration;
			buildSettings = {
				ALWAYS_EMBED_SWIFT_STANDARD_LIBRARIES = YES;
				BUNDLE_LOADER = "$(TEST_HOST)";
				CODE_SIGN_STYLE = Automatic;
				INFOPLIST_FILE = "Date and Time PickerTests/Info.plist";
				LD_RUNPATH_SEARCH_PATHS = (
					"$(inherited)",
					"@executable_path/Frameworks",
					"@loader_path/Frameworks",
				);
				PRODUCT_BUNDLE_IDENTIFIER = "info.Date-and-Time-PickerTests";
				PRODUCT_NAME = "$(TARGET_NAME)";
				SWIFT_VERSION = 5.0;
				TARGETED_DEVICE_FAMILY = "1,2";
				TEST_HOST = "$(BUILT_PRODUCTS_DIR)/Date and Time Picker.app/Date and Time Picker";
			};
			name = Debug;
		};
		797621F922E9A4C700273F7E /* Release */ = {
			isa = XCBuildConfiguration;
			buildSettings = {
				ALWAYS_EMBED_SWIFT_STANDARD_LIBRARIES = YES;
				BUNDLE_LOADER = "$(TEST_HOST)";
				CODE_SIGN_STYLE = Automatic;
				INFOPLIST_FILE = "Date and Time PickerTests/Info.plist";
				LD_RUNPATH_SEARCH_PATHS = (
					"$(inherited)",
					"@executable_path/Frameworks",
					"@loader_path/Frameworks",
				);
				PRODUCT_BUNDLE_IDENTIFIER = "info.Date-and-Time-PickerTests";
				PRODUCT_NAME = "$(TARGET_NAME)";
				SWIFT_VERSION = 5.0;
				TARGETED_DEVICE_FAMILY = "1,2";
				TEST_HOST = "$(BUILT_PRODUCTS_DIR)/Date and Time Picker.app/Date and Time Picker";
			};
			name = Release;
		};
		797621FB22E9A4C700273F7E /* Debug */ = {
			isa = XCBuildConfiguration;
			buildSettings = {
				ALWAYS_EMBED_SWIFT_STANDARD_LIBRARIES = YES;
				CODE_SIGN_STYLE = Automatic;
				INFOPLIST_FILE = "Date and Time PickerUITests/Info.plist";
				LD_RUNPATH_SEARCH_PATHS = (
					"$(inherited)",
					"@executable_path/Frameworks",
					"@loader_path/Frameworks",
				);
				PRODUCT_BUNDLE_IDENTIFIER = "info.Date-and-Time-PickerUITests";
				PRODUCT_NAME = "$(TARGET_NAME)";
				SWIFT_VERSION = 5.0;
				TARGETED_DEVICE_FAMILY = "1,2";
				TEST_TARGET_NAME = "Date and Time Picker";
			};
			name = Debug;
		};
		797621FC22E9A4C700273F7E /* Release */ = {
			isa = XCBuildConfiguration;
			buildSettings = {
				ALWAYS_EMBED_SWIFT_STANDARD_LIBRARIES = YES;
				CODE_SIGN_STYLE = Automatic;
				INFOPLIST_FILE = "Date and Time PickerUITests/Info.plist";
				LD_RUNPATH_SEARCH_PATHS = (
					"$(inherited)",
					"@executable_path/Frameworks",
					"@loader_path/Frameworks",
				);
				PRODUCT_BUNDLE_IDENTIFIER = "info.Date-and-Time-PickerUITests";
				PRODUCT_NAME = "$(TARGET_NAME)";
				SWIFT_VERSION = 5.0;
				TARGETED_DEVICE_FAMILY = "1,2";
				TEST_TARGET_NAME = "Date and Time Picker";
			};
			name = Release;
		};
/* End XCBuildConfiguration section */

/* Begin XCConfigurationList section */
		797621C722E9A4C600273F7E /* Build configuration list for PBXProject "Date and Time Picker" */ = {
			isa = XCConfigurationList;
			buildConfigurations = (
				797621F222E9A4C700273F7E /* Debug */,
				797621F322E9A4C700273F7E /* Release */,
			);
			defaultConfigurationIsVisible = 0;
			defaultConfigurationName = Release;
		};
		797621F422E9A4C700273F7E /* Build configuration list for PBXNativeTarget "Date and Time Picker" */ = {
			isa = XCConfigurationList;
			buildConfigurations = (
				797621F522E9A4C700273F7E /* Debug */,
				797621F622E9A4C700273F7E /* Release */,
			);
			defaultConfigurationIsVisible = 0;
			defaultConfigurationName = Release;
		};
		797621F722E9A4C700273F7E /* Build configuration list for PBXNativeTarget "Date and Time PickerTests" */ = {
			isa = XCConfigurationList;
			buildConfigurations = (
				797621F822E9A4C700273F7E /* Debug */,
				797621F922E9A4C700273F7E /* Release */,
			);
			defaultConfigurationIsVisible = 0;
			defaultConfigurationName = Release;
		};
		797621FA22E9A4C700273F7E /* Build configuration list for PBXNativeTarget "Date and Time PickerUITests" */ = {
			isa = XCConfigurationList;
			buildConfigurations = (
				797621FB22E9A4C700273F7E /* Debug */,
				797621FC22E9A4C700273F7E /* Release */,
			);
			defaultConfigurationIsVisible = 0;
			defaultConfigurationName = Release;
		};
/* End XCConfigurationList section */
	};
	rootObject = 797621C422E9A4C600273F7E /* Project object */;
}
